
Microsoft Visual Studio Solution File, Format Version 11.00
# Visual Studio 2010
Project("{FAE04EC0-301F-11D3-BF4B-00C04F79EFBC}") = "gate_server", "gate_server\gate_server.csproj", "{FBDD406C-C465-4A69-B236-0800CE896613}"
	ProjectSection(ProjectDependencies) = postProject
		{7CCED84B-12D7-48D1-905C-B949A85DBBF8} = {7CCED84B-12D7-48D1-905C-B949A85DBBF8}
	EndProjectSection
EndProject
Project("{FAE04EC0-301F-11D3-BF4B-00C04F79EFBC}") = "logic_server", "logic_server\logic_server.csproj", "{BF962101-FDE7-48E6-A01D-DF3E218C2B9D}"
EndProject
Project("{FAE04EC0-301F-11D3-BF4B-00C04F79EFBC}") = "ClientSocket", "ClientSocket\ClientSocket.csproj", "{7CCED84B-12D7-48D1-905C-B949A85DBBF8}"
EndProject
Project("{FAE04EC0-301F-11D3-BF4B-00C04F79EFBC}") = "ZyGames.Framework.Game", "D:\workspace\Scut\Source\Middleware\ZyGames.Framework.Game\ZyGames.Framework.Game.csproj", "{DE7024B7-7168-4262-A250-6A21B932EC3B}"
EndProject
Project("{FAE04EC0-301F-11D3-BF4B-00C04F79EFBC}") = "ZyGames.Framework.Common", "D:\workspace\Scut\Source\Framework\ZyGames.Framework.Common\ZyGames.Framework.Common.csproj", "{CE5C369F-8FAC-47A1-89B4-7AB09A6A3CB1}"
EndProject
Project("{FAE04EC0-301F-11D3-BF4B-00C04F79EFBC}") = "ZyGames.Framework", "D:\workspace\Scut\Source\Framework\ZyGames.Framework\ZyGames.Framework.csproj", "{BD9F1C04-DE33-4C59-9942-2CD0CDB4CC3C}"
EndProject
Global
	GlobalSection(SolutionConfigurationPlatforms) = preSolution
		Debug|Any CPU = Debug|Any CPU
		Debug|Mixed Platforms = Debug|Mixed Platforms
		Debug|x86 = Debug|x86
		Release|Any CPU = Release|Any CPU
		Release|Mixed Platforms = Release|Mixed Platforms
		Release|x86 = Release|x86
	EndGlobalSection
	GlobalSection(ProjectConfigurationPlatforms) = postSolution
		{FBDD406C-C465-4A69-B236-0800CE896613}.Debug|Any CPU.ActiveCfg = Debug|x86
		{FBDD406C-C465-4A69-B236-0800CE896613}.Debug|Mixed Platforms.ActiveCfg = Debug|x86
		{FBDD406C-C465-4A69-B236-0800CE896613}.Debug|Mixed Platforms.Build.0 = Debug|x86
		{FBDD406C-C465-4A69-B236-0800CE896613}.Debug|x86.ActiveCfg = Debug|x86
		{FBDD406C-C465-4A69-B236-0800CE896613}.Debug|x86.Build.0 = Debug|x86
		{FBDD406C-C465-4A69-B236-0800CE896613}.Release|Any CPU.ActiveCfg = Release|x86
		{FBDD406C-C465-4A69-B236-0800CE896613}.Release|Mixed Platforms.ActiveCfg = Release|x86
		{FBDD406C-C465-4A69-B236-0800CE896613}.Release|Mixed Platforms.Build.0 = Release|x86
		{FBDD406C-C465-4A69-B236-0800CE896613}.Release|x86.ActiveCfg = Release|x86
		{FBDD406C-C465-4A69-B236-0800CE896613}.Release|x86.Build.0 = Release|x86
		{BF962101-FDE7-48E6-A01D-DF3E218C2B9D}.Debug|Any CPU.ActiveCfg = Debug|x86
		{BF962101-FDE7-48E6-A01D-DF3E218C2B9D}.Debug|Mixed Platforms.ActiveCfg = Debug|x86
		{BF962101-FDE7-48E6-A01D-DF3E218C2B9D}.Debug|Mixed Platforms.Build.0 = Debug|x86
		{BF962101-FDE7-48E6-A01D-DF3E218C2B9D}.Debug|x86.ActiveCfg = Debug|x86
		{BF962101-FDE7-48E6-A01D-DF3E218C2B9D}.Debug|x86.Build.0 = Debug|x86
		{BF962101-FDE7-48E6-A01D-DF3E218C2B9D}.Release|Any CPU.ActiveCfg = Release|x86
		{BF962101-FDE7-48E6-A01D-DF3E218C2B9D}.Release|Mixed Platforms.ActiveCfg = Release|x86
		{BF962101-FDE7-48E6-A01D-DF3E218C2B9D}.Release|Mixed Platforms.Build.0 = Release|x86
		{BF962101-FDE7-48E6-A01D-DF3E218C2B9D}.Release|x86.ActiveCfg = Release|x86
		{BF962101-FDE7-48E6-A01D-DF3E218C2B9D}.Release|x86.Build.0 = Release|x86
		{7CCED84B-12D7-48D1-905C-B949A85DBBF8}.Debug|Any CPU.ActiveCfg = Debug|Any CPU
		{7CCED84B-12D7-48D1-905C-B949A85DBBF8}.Debug|Any CPU.Build.0 = Debug|Any CPU
		{7CCED84B-12D7-48D1-905C-B949A85DBBF8}.Debug|Mixed Platforms.ActiveCfg = Debug|Any CPU
		{7CCED84B-12D7-48D1-905C-B949A85DBBF8}.Debug|Mixed Platforms.Build.0 = Debug|Any CPU
		{7CCED84B-12D7-48D1-905C-B949A85DBBF8}.Debug|x86.ActiveCfg = Debug|Any CPU
		{7CCED84B-12D7-48D1-905C-B949A85DBBF8}.Release|Any CPU.ActiveCfg = Release|Any CPU
		{7CCED84B-12D7-48D1-905C-B949A85DBBF8}.Release|Any CPU.Build.0 = Release|Any CPU
		{7CCED84B-12D7-48D1-905C-B949A85DBBF8}.Release|Mixed Platforms.ActiveCfg = Release|Any CPU
		{7CCED84B-12D7-48D1-905C-B949A85DBBF8}.Release|Mixed Platforms.Build.0 = Release|Any CPU
		{7CCED84B-12D7-48D1-905C-B949A85DBBF8}.Release|x86.ActiveCfg = Release|Any CPU
		{DE7024B7-7168-4262-A250-6A21B932EC3B}.Debug|Any CPU.ActiveCfg = Debug|Any CPU
		{DE7024B7-7168-4262-A250-6A21B932EC3B}.Debug|Any CPU.Build.0 = Debug|Any CPU
		{DE7024B7-7168-4262-A250-6A21B932EC3B}.Debug|Mixed Platforms.ActiveCfg = Debug|Any CPU
		{DE7024B7-7168-4262-A250-6A21B932EC3B}.Debug|Mixed Platforms.Build.0 = Debug|Any CPU
		{DE7024B7-7168-4262-A250-6A21B932EC3B}.Debug|x86.ActiveCfg = Debug|Any CPU
		{DE7024B7-7168-4262-A250-6A21B932EC3B}.Release|Any CPU.ActiveCfg = Release|Any CPU
		{DE7024B7-7168-4262-A250-6A21B932EC3B}.Release|Any CPU.Build.0 = Release|Any CPU
		{DE7024B7-7168-4262-A250-6A21B932EC3B}.Release|Mixed Platforms.ActiveCfg = Release|Any CPU
		{DE7024B7-7168-4262-A250-6A21B932EC3B}.Release|Mixed Platforms.Build.0 = Release|Any CPU
		{DE7024B7-7168-4262-A250-6A21B932EC3B}.Release|x86.ActiveCfg = Release|Any CPU
		{CE5C369F-8FAC-47A1-89B4-7AB09A6A3CB1}.Debug|Any CPU.ActiveCfg = Debug|Any CPU
		{CE5C369F-8FAC-47A1-89B4-7AB09A6A3CB1}.Debug|Any CPU.Build.0 = Debug|Any CPU
		{CE5C369F-8FAC-47A1-89B4-7AB09A6A3CB1}.Debug|Mixed Platforms.ActiveCfg = Debug|Any CPU
		{CE5C369F-8FAC-47A1-89B4-7AB09A6A3CB1}.Debug|Mixed Platforms.Build.0 = Debug|Any CPU
		{CE5C369F-8FAC-47A1-89B4-7AB09A6A3CB1}.Debug|x86.ActiveCfg = Debug|Any CPU
		{CE5C369F-8FAC-47A1-89B4-7AB09A6A3CB1}.Release|Any CPU.ActiveCfg = Release|Any CPU
		{CE5C369F-8FAC-47A1-89B4-7AB09A6A3CB1}.Release|Any CPU.Build.0 = Release|Any CPU
		{CE5C369F-8FAC-47A1-89B4-7AB09A6A3CB1}.Release|Mixed Platforms.ActiveCfg = Release|Any CPU
		{CE5C369F-8FAC-47A1-89B4-7AB09A6A3CB1}.Release|Mixed Platforms.Build.0 = Release|Any CPU
		{CE5C369F-8FAC-47A1-89B4-7AB09A6A3CB1}.Release|x86.ActiveCfg = Release|Any CPU
		{BD9F1C04-DE33-4C59-9942-2CD0CDB4CC3C}.Debug|Any CPU.ActiveCfg = Debug|Any CPU
		{BD9F1C04-DE33-4C59-9942-2CD0CDB4CC3C}.Debug|Any CPU.Build.0 = Debug|Any CPU
		{BD9F1C04-DE33-4C59-9942-2CD0CDB4CC3C}.Debug|Mixed Platforms.ActiveCfg = Debug|Any CPU
		{BD9F1C04-DE33-4C59-9942-2CD0CDB4CC3C}.Debug|Mixed Platforms.Build.0 = Debug|Any CPU
		{BD9F1C04-DE33-4C59-9942-2CD0CDB4CC3C}.Debug|x86.ActiveCfg = Debug|Any CPU
		{BD9F1C04-DE33-4C59-9942-2CD0CDB4CC3C}.Release|Any CPU.ActiveCfg = Release|Any CPU
		{BD9F1C04-DE33-4C59-9942-2CD0CDB4CC3C}.Release|Any CPU.Build.0 = Release|Any CPU
		{BD9F1C04-DE33-4C59-9942-2CD0CDB4CC3C}.Release|Mixed Platforms.ActiveCfg = Release|Any CPU
		{BD9F1C04-DE33-4C59-9942-2CD0CDB4CC3C}.Release|Mixed Platforms.Build.0 = Release|Any CPU
		{BD9F1C04-DE33-4C59-9942-2CD0CDB4CC3C}.Release|x86.ActiveCfg = Release|Any CPU
	EndGlobalSection
	GlobalSection(SolutionProperties) = preSolution
		HideSolutionNode = FALSE
	EndGlobalSection
EndGlobal
